
Microsoft Visual Studio Solution File, Format Version 12.00
# Visual Studio Version 17
VisualStudioVersion = 17.0.32002.185
MinimumVisualStudioVersion = 10.0.40219.1
Project("{FAE04EC0-301F-11D3-BF4B-00C04F79EFBC}") = "notificacaoPrestacaoNaoPaga", "notificacaoPrestacaoNaoPaga.csproj", "{33D9ED6D-907C-44A2-AB7B-F25C3AAFC35C}"
EndProject
Project("{54435603-DBB4-11D2-8724-00A0C9A8B90C}") = "Setup", "Setup\Setup.vdproj", "{AF150D00-F1C4-42D2-819D-C826E06A3AEB}"
EndProject
Global
	GlobalSection(SolutionConfigurationPlatforms) = preSolution
		Debug|Any CPU = Debug|Any CPU
		Release|Any CPU = Release|Any CPU
	EndGlobalSection
	GlobalSection(ProjectConfigurationPlatforms) = postSolution
		{33D9ED6D-907C-44A2-AB7B-F25C3AAFC35C}.Debug|Any CPU.ActiveCfg = Debug|Any CPU
		{33D9ED6D-907C-44A2-AB7B-F25C3AAFC35C}.Debug|Any CPU.Build.0 = Debug|Any CPU
		{33D9ED6D-907C-44A2-AB7B-F25C3AAFC35C}.Release|Any CPU.ActiveCfg = Release|Any CPU
		{33D9ED6D-907C-44A2-AB7B-F25C3AAFC35C}.Release|Any CPU.Build.0 = Release|Any CPU
		{AF150D00-F1C4-42D2-819D-C826E06A3AEB}.Debug|Any CPU.ActiveCfg = Debug
		{AF150D00-F1C4-42D2-819D-C826E06A3AEB}.Debug|Any CPU.Build.0 = Debug
		{AF150D00-F1C4-42D2-819D-C826E06A3AEB}.Release|Any CPU.ActiveCfg = Release
	EndGlobalSection
	GlobalSection(SolutionProperties) = preSolution
		HideSolutionNode = FALSE
	EndGlobalSection
	GlobalSection(ExtensibilityGlobals) = postSolution
		SolutionGuid = {A8A749E6-8FFC-4A92-AEFE-A6A1451CD96A}
	EndGlobalSection
EndGlobal
